
Microsoft Visual Studio Solution File, Format Version 12.00
# Visual Studio Version 16
VisualStudioVersion = 16.0.31205.134
MinimumVisualStudioVersion = 10.0.40219.1
Project("{FAE04EC0-301F-11D3-BF4B-00C04F79EFBC}") = "Interface_1", "Interface_1\Interface_1.csproj", "{08784831-F115-472E-A623-2BF9A302F708}"
EndProject
Global
	GlobalSection(SolutionConfigurationPlatforms) = preSolution
		Debug|Any CPU = Debug|Any CPU
		Release|Any CPU = Release|Any CPU
	EndGlobalSection
	GlobalSection(ProjectConfigurationPlatforms) = postSolution
		{08784831-F115-472E-A623-2BF9A302F708}.Debug|Any CPU.ActiveCfg = Debug|Any CPU
		{08784831-F115-472E-A623-2BF9A302F708}.Debug|Any CPU.Build.0 = Debug|Any CPU
		{08784831-F115-472E-A623-2BF9A302F708}.Release|Any CPU.ActiveCfg = Release|Any CPU
		{08784831-F115-472E-A623-2BF9A302F708}.Release|Any CPU.Build.0 = Release|Any CPU
	EndGlobalSection
	GlobalSection(SolutionProperties) = preSolution
		HideSolutionNode = FALSE
	EndGlobalSection
	GlobalSection(ExtensibilityGlobals) = postSolution
		SolutionGuid = {3728F00E-F011-4A46-A75F-9119DE54EE1B}
	EndGlobalSection
EndGlobal
