
Microsoft Visual Studio Solution File, Format Version 12.00
# Visual Studio Version 16
VisualStudioVersion = 16.0.31112.23
MinimumVisualStudioVersion = 10.0.40219.1
Project("{FAE04EC0-301F-11D3-BF4B-00C04F79EFBC}") = "Four_project-1", "Four_project-1\Four_project-1.csproj", "{082415CF-5066-48DF-A3F5-F336898EB396}"
EndProject
Global
	GlobalSection(SolutionConfigurationPlatforms) = preSolution
		Debug|Any CPU = Debug|Any CPU
		Release|Any CPU = Release|Any CPU
	EndGlobalSection
	GlobalSection(ProjectConfigurationPlatforms) = postSolution
		{082415CF-5066-48DF-A3F5-F336898EB396}.Debug|Any CPU.ActiveCfg = Debug|Any CPU
		{082415CF-5066-48DF-A3F5-F336898EB396}.Debug|Any CPU.Build.0 = Debug|Any CPU
		{082415CF-5066-48DF-A3F5-F336898EB396}.Release|Any CPU.ActiveCfg = Release|Any CPU
		{082415CF-5066-48DF-A3F5-F336898EB396}.Release|Any CPU.Build.0 = Release|Any CPU
	EndGlobalSection
	GlobalSection(SolutionProperties) = preSolution
		HideSolutionNode = FALSE
	EndGlobalSection
	GlobalSection(ExtensibilityGlobals) = postSolution
		SolutionGuid = {C1205D81-707E-4F2A-BFF9-65D3CC6DC153}
	EndGlobalSection
EndGlobal
