
Microsoft Visual Studio Solution File, Format Version 12.00
# Visual Studio Version 16
VisualStudioVersion = 16.0.31205.134
MinimumVisualStudioVersion = 10.0.40219.1
Project("{FAE04EC0-301F-11D3-BF4B-00C04F79EFBC}") = "A_Inheritance", "A_Inheritance\A_Inheritance.csproj", "{AE6F3617-A9C0-47F8-994D-253FD9B0EA1F}"
EndProject
Project("{FAE04EC0-301F-11D3-BF4B-00C04F79EFBC}") = "B_Inheritance", "B_Inheritance\B_Inheritance.csproj", "{30CE2CFC-D013-47C3-AAE0-9628C9166096}"
EndProject
Project("{FAE04EC0-301F-11D3-BF4B-00C04F79EFBC}") = "C_Inheritance", "C_Inheritance\C_Inheritance.csproj", "{974BD87F-76DF-47B3-BA4B-3B22A2794CAB}"
EndProject
Project("{FAE04EC0-301F-11D3-BF4B-00C04F79EFBC}") = "D_Inheritance", "D_Inheritance\D_Inheritance.csproj", "{D7CCB9EF-3C06-4619-9E5F-1FE8FBC6BE3E}"
EndProject
Project("{FAE04EC0-301F-11D3-BF4B-00C04F79EFBC}") = "ShadowAndHide", "ShadowAndHide\ShadowAndHide.csproj", "{CF952E2B-FE46-4E12-8713-F958C2BCEFE3}"
EndProject
Project("{FAE04EC0-301F-11D3-BF4B-00C04F79EFBC}") = "Hidding", "Hidding\Hidding.csproj", "{D300EFA6-7362-4F43-A522-EB024B0B8716}"
EndProject
Global
	GlobalSection(SolutionConfigurationPlatforms) = preSolution
		Debug|Any CPU = Debug|Any CPU
		Release|Any CPU = Release|Any CPU
	EndGlobalSection
	GlobalSection(ProjectConfigurationPlatforms) = postSolution
		{AE6F3617-A9C0-47F8-994D-253FD9B0EA1F}.Debug|Any CPU.ActiveCfg = Debug|Any CPU
		{AE6F3617-A9C0-47F8-994D-253FD9B0EA1F}.Debug|Any CPU.Build.0 = Debug|Any CPU
		{AE6F3617-A9C0-47F8-994D-253FD9B0EA1F}.Release|Any CPU.ActiveCfg = Release|Any CPU
		{AE6F3617-A9C0-47F8-994D-253FD9B0EA1F}.Release|Any CPU.Build.0 = Release|Any CPU
		{30CE2CFC-D013-47C3-AAE0-9628C9166096}.Debug|Any CPU.ActiveCfg = Debug|Any CPU
		{30CE2CFC-D013-47C3-AAE0-9628C9166096}.Debug|Any CPU.Build.0 = Debug|Any CPU
		{30CE2CFC-D013-47C3-AAE0-9628C9166096}.Release|Any CPU.ActiveCfg = Release|Any CPU
		{30CE2CFC-D013-47C3-AAE0-9628C9166096}.Release|Any CPU.Build.0 = Release|Any CPU
		{974BD87F-76DF-47B3-BA4B-3B22A2794CAB}.Debug|Any CPU.ActiveCfg = Debug|Any CPU
		{974BD87F-76DF-47B3-BA4B-3B22A2794CAB}.Debug|Any CPU.Build.0 = Debug|Any CPU
		{974BD87F-76DF-47B3-BA4B-3B22A2794CAB}.Release|Any CPU.ActiveCfg = Release|Any CPU
		{974BD87F-76DF-47B3-BA4B-3B22A2794CAB}.Release|Any CPU.Build.0 = Release|Any CPU
		{D7CCB9EF-3C06-4619-9E5F-1FE8FBC6BE3E}.Debug|Any CPU.ActiveCfg = Debug|Any CPU
		{D7CCB9EF-3C06-4619-9E5F-1FE8FBC6BE3E}.Debug|Any CPU.Build.0 = Debug|Any CPU
		{D7CCB9EF-3C06-4619-9E5F-1FE8FBC6BE3E}.Release|Any CPU.ActiveCfg = Release|Any CPU
		{D7CCB9EF-3C06-4619-9E5F-1FE8FBC6BE3E}.Release|Any CPU.Build.0 = Release|Any CPU
		{CF952E2B-FE46-4E12-8713-F958C2BCEFE3}.Debug|Any CPU.ActiveCfg = Debug|Any CPU
		{CF952E2B-FE46-4E12-8713-F958C2BCEFE3}.Debug|Any CPU.Build.0 = Debug|Any CPU
		{CF952E2B-FE46-4E12-8713-F958C2BCEFE3}.Release|Any CPU.ActiveCfg = Release|Any CPU
		{CF952E2B-FE46-4E12-8713-F958C2BCEFE3}.Release|Any CPU.Build.0 = Release|Any CPU
		{D300EFA6-7362-4F43-A522-EB024B0B8716}.Debug|Any CPU.ActiveCfg = Debug|Any CPU
		{D300EFA6-7362-4F43-A522-EB024B0B8716}.Debug|Any CPU.Build.0 = Debug|Any CPU
		{D300EFA6-7362-4F43-A522-EB024B0B8716}.Release|Any CPU.ActiveCfg = Release|Any CPU
		{D300EFA6-7362-4F43-A522-EB024B0B8716}.Release|Any CPU.Build.0 = Release|Any CPU
	EndGlobalSection
	GlobalSection(SolutionProperties) = preSolution
		HideSolutionNode = FALSE
	EndGlobalSection
	GlobalSection(ExtensibilityGlobals) = postSolution
		SolutionGuid = {9E4FF100-4781-4C94-8607-F703177C876B}
	EndGlobalSection
EndGlobal
