
Microsoft Visual Studio Solution File, Format Version 12.00
# Visual Studio Version 16
VisualStudioVersion = 16.0.31402.337
MinimumVisualStudioVersion = 10.0.40219.1
Project("{FAE04EC0-301F-11D3-BF4B-00C04F79EFBC}") = "B_TextView", "B_TextView\B_TextView.csproj", "{C2F015B0-4011-4918-8A11-6609E8CBBF6B}"
EndProject
Project("{FAE04EC0-301F-11D3-BF4B-00C04F79EFBC}") = "B_RBMsg", "B_RBMsg\B_RBMsg.csproj", "{43A6A80A-7F43-4CB9-AC80-B61B7ED89105}"
EndProject
Global
	GlobalSection(SolutionConfigurationPlatforms) = preSolution
		Debug|Any CPU = Debug|Any CPU
		Release|Any CPU = Release|Any CPU
	EndGlobalSection
	GlobalSection(ProjectConfigurationPlatforms) = postSolution
		{C2F015B0-4011-4918-8A11-6609E8CBBF6B}.Debug|Any CPU.ActiveCfg = Debug|Any CPU
		{C2F015B0-4011-4918-8A11-6609E8CBBF6B}.Debug|Any CPU.Build.0 = Debug|Any CPU
		{C2F015B0-4011-4918-8A11-6609E8CBBF6B}.Release|Any CPU.ActiveCfg = Release|Any CPU
		{C2F015B0-4011-4918-8A11-6609E8CBBF6B}.Release|Any CPU.Build.0 = Release|Any CPU
		{43A6A80A-7F43-4CB9-AC80-B61B7ED89105}.Debug|Any CPU.ActiveCfg = Debug|Any CPU
		{43A6A80A-7F43-4CB9-AC80-B61B7ED89105}.Debug|Any CPU.Build.0 = Debug|Any CPU
		{43A6A80A-7F43-4CB9-AC80-B61B7ED89105}.Release|Any CPU.ActiveCfg = Release|Any CPU
		{43A6A80A-7F43-4CB9-AC80-B61B7ED89105}.Release|Any CPU.Build.0 = Release|Any CPU
	EndGlobalSection
	GlobalSection(SolutionProperties) = preSolution
		HideSolutionNode = FALSE
	EndGlobalSection
	GlobalSection(ExtensibilityGlobals) = postSolution
		SolutionGuid = {C0B3E1C5-AF07-4C5D-A177-B8DB39FA91BC}
	EndGlobalSection
EndGlobal
