
Microsoft Visual Studio Solution File, Format Version 12.00
# Visual Studio Version 16
VisualStudioVersion = 16.0.31205.134
MinimumVisualStudioVersion = 10.0.40219.1
Project("{FAE04EC0-301F-11D3-BF4B-00C04F79EFBC}") = "Tenth_1", "Tenth_1\Tenth_1.csproj", "{5CB7D8E1-8C33-4581-9532-B348BA9E092B}"
EndProject
Project("{FAE04EC0-301F-11D3-BF4B-00C04F79EFBC}") = "Tenth_2", "Tenth_2\Tenth_2.csproj", "{82697626-6713-40C3-9125-931C6B989669}"
EndProject
Project("{FAE04EC0-301F-11D3-BF4B-00C04F79EFBC}") = "Tenth_3", "Tenth_3\Tenth_3.csproj", "{0A3E58E0-663C-44D7-9070-DFC39480B904}"
EndProject
Project("{FAE04EC0-301F-11D3-BF4B-00C04F79EFBC}") = "Tenth_4", "Tenth_4\Tenth_4.csproj", "{083176DD-CBE1-47A7-8A04-75F44BE8994F}"
EndProject
Project("{FAE04EC0-301F-11D3-BF4B-00C04F79EFBC}") = "Tenth_5", "Tenth_5\Tenth_5.csproj", "{67464A9E-6A20-47B7-AD01-7491254CAE81}"
EndProject
Global
	GlobalSection(SolutionConfigurationPlatforms) = preSolution
		Debug|Any CPU = Debug|Any CPU
		Release|Any CPU = Release|Any CPU
	EndGlobalSection
	GlobalSection(ProjectConfigurationPlatforms) = postSolution
		{5CB7D8E1-8C33-4581-9532-B348BA9E092B}.Debug|Any CPU.ActiveCfg = Debug|Any CPU
		{5CB7D8E1-8C33-4581-9532-B348BA9E092B}.Debug|Any CPU.Build.0 = Debug|Any CPU
		{5CB7D8E1-8C33-4581-9532-B348BA9E092B}.Release|Any CPU.ActiveCfg = Release|Any CPU
		{5CB7D8E1-8C33-4581-9532-B348BA9E092B}.Release|Any CPU.Build.0 = Release|Any CPU
		{82697626-6713-40C3-9125-931C6B989669}.Debug|Any CPU.ActiveCfg = Debug|Any CPU
		{82697626-6713-40C3-9125-931C6B989669}.Debug|Any CPU.Build.0 = Debug|Any CPU
		{82697626-6713-40C3-9125-931C6B989669}.Release|Any CPU.ActiveCfg = Release|Any CPU
		{82697626-6713-40C3-9125-931C6B989669}.Release|Any CPU.Build.0 = Release|Any CPU
		{0A3E58E0-663C-44D7-9070-DFC39480B904}.Debug|Any CPU.ActiveCfg = Debug|Any CPU
		{0A3E58E0-663C-44D7-9070-DFC39480B904}.Debug|Any CPU.Build.0 = Debug|Any CPU
		{0A3E58E0-663C-44D7-9070-DFC39480B904}.Release|Any CPU.ActiveCfg = Release|Any CPU
		{0A3E58E0-663C-44D7-9070-DFC39480B904}.Release|Any CPU.Build.0 = Release|Any CPU
		{083176DD-CBE1-47A7-8A04-75F44BE8994F}.Debug|Any CPU.ActiveCfg = Debug|Any CPU
		{083176DD-CBE1-47A7-8A04-75F44BE8994F}.Debug|Any CPU.Build.0 = Debug|Any CPU
		{083176DD-CBE1-47A7-8A04-75F44BE8994F}.Release|Any CPU.ActiveCfg = Release|Any CPU
		{083176DD-CBE1-47A7-8A04-75F44BE8994F}.Release|Any CPU.Build.0 = Release|Any CPU
		{67464A9E-6A20-47B7-AD01-7491254CAE81}.Debug|Any CPU.ActiveCfg = Debug|Any CPU
		{67464A9E-6A20-47B7-AD01-7491254CAE81}.Debug|Any CPU.Build.0 = Debug|Any CPU
		{67464A9E-6A20-47B7-AD01-7491254CAE81}.Release|Any CPU.ActiveCfg = Release|Any CPU
		{67464A9E-6A20-47B7-AD01-7491254CAE81}.Release|Any CPU.Build.0 = Release|Any CPU
	EndGlobalSection
	GlobalSection(SolutionProperties) = preSolution
		HideSolutionNode = FALSE
	EndGlobalSection
	GlobalSection(ExtensibilityGlobals) = postSolution
		SolutionGuid = {37D2D259-348C-4185-9A12-0D8E480B0D4E}
	EndGlobalSection
EndGlobal
