
Microsoft Visual Studio Solution File, Format Version 12.00
# Visual Studio Version 16
VisualStudioVersion = 16.0.31205.134
MinimumVisualStudioVersion = 10.0.40219.1
Project("{FAE04EC0-301F-11D3-BF4B-00C04F79EFBC}") = "Exception_1", "Exception_1\Exception_1.csproj", "{4BF6ACD9-F54B-4C5F-A7E4-50C5993528AB}"
EndProject
Project("{FAE04EC0-301F-11D3-BF4B-00C04F79EFBC}") = "Exception_2", "Exception_2\Exception_2.csproj", "{EF2B8065-4FDE-4546-A0ED-9352F5175C0A}"
EndProject
Global
	GlobalSection(SolutionConfigurationPlatforms) = preSolution
		Debug|Any CPU = Debug|Any CPU
		Release|Any CPU = Release|Any CPU
	EndGlobalSection
	GlobalSection(ProjectConfigurationPlatforms) = postSolution
		{4BF6ACD9-F54B-4C5F-A7E4-50C5993528AB}.Debug|Any CPU.ActiveCfg = Debug|Any CPU
		{4BF6ACD9-F54B-4C5F-A7E4-50C5993528AB}.Debug|Any CPU.Build.0 = Debug|Any CPU
		{4BF6ACD9-F54B-4C5F-A7E4-50C5993528AB}.Release|Any CPU.ActiveCfg = Release|Any CPU
		{4BF6ACD9-F54B-4C5F-A7E4-50C5993528AB}.Release|Any CPU.Build.0 = Release|Any CPU
		{EF2B8065-4FDE-4546-A0ED-9352F5175C0A}.Debug|Any CPU.ActiveCfg = Debug|Any CPU
		{EF2B8065-4FDE-4546-A0ED-9352F5175C0A}.Debug|Any CPU.Build.0 = Debug|Any CPU
		{EF2B8065-4FDE-4546-A0ED-9352F5175C0A}.Release|Any CPU.ActiveCfg = Release|Any CPU
		{EF2B8065-4FDE-4546-A0ED-9352F5175C0A}.Release|Any CPU.Build.0 = Release|Any CPU
	EndGlobalSection
	GlobalSection(SolutionProperties) = preSolution
		HideSolutionNode = FALSE
	EndGlobalSection
	GlobalSection(ExtensibilityGlobals) = postSolution
		SolutionGuid = {14C93D3A-4D54-4B9A-9FA4-524EEBB8264D}
	EndGlobalSection
EndGlobal
