
Microsoft Visual Studio Solution File, Format Version 12.00
# Visual Studio Version 16
VisualStudioVersion = 16.0.31402.337
MinimumVisualStudioVersion = 10.0.40219.1
Project("{9A19103F-16F7-4668-BE54-9A1E7A4F7556}") = "B_FormView", "B_FormView\B_FormView.csproj", "{D177C823-2814-4074-803A-D6F594C7F771}"
EndProject
Project("{FAE04EC0-301F-11D3-BF4B-00C04F79EFBC}") = "B_TrayIcon", "B_TrayIcon\B_TrayIcon.csproj", "{E3A7734B-FE62-4862-BA3C-C7B46BC3E3A9}"
EndProject
Global
	GlobalSection(SolutionConfigurationPlatforms) = preSolution
		Debug|Any CPU = Debug|Any CPU
		Release|Any CPU = Release|Any CPU
	EndGlobalSection
	GlobalSection(ProjectConfigurationPlatforms) = postSolution
		{D177C823-2814-4074-803A-D6F594C7F771}.Debug|Any CPU.ActiveCfg = Debug|Any CPU
		{D177C823-2814-4074-803A-D6F594C7F771}.Debug|Any CPU.Build.0 = Debug|Any CPU
		{D177C823-2814-4074-803A-D6F594C7F771}.Release|Any CPU.ActiveCfg = Release|Any CPU
		{D177C823-2814-4074-803A-D6F594C7F771}.Release|Any CPU.Build.0 = Release|Any CPU
		{E3A7734B-FE62-4862-BA3C-C7B46BC3E3A9}.Debug|Any CPU.ActiveCfg = Debug|Any CPU
		{E3A7734B-FE62-4862-BA3C-C7B46BC3E3A9}.Debug|Any CPU.Build.0 = Debug|Any CPU
		{E3A7734B-FE62-4862-BA3C-C7B46BC3E3A9}.Release|Any CPU.ActiveCfg = Release|Any CPU
		{E3A7734B-FE62-4862-BA3C-C7B46BC3E3A9}.Release|Any CPU.Build.0 = Release|Any CPU
	EndGlobalSection
	GlobalSection(SolutionProperties) = preSolution
		HideSolutionNode = FALSE
	EndGlobalSection
	GlobalSection(ExtensibilityGlobals) = postSolution
		SolutionGuid = {93848F23-66F3-4350-B752-61AE053791E5}
	EndGlobalSection
EndGlobal
