
Microsoft Visual Studio Solution File, Format Version 12.00
# Visual Studio Version 16
VisualStudioVersion = 16.0.31112.23
MinimumVisualStudioVersion = 10.0.40219.1
Project("{FAE04EC0-301F-11D3-BF4B-00C04F79EFBC}") = "Sixth_project-1", "Sixth_project-1\Sixth_project-1.csproj", "{F887F038-CB0E-44D2-8446-D419A5959F10}"
EndProject
Global
	GlobalSection(SolutionConfigurationPlatforms) = preSolution
		Debug|Any CPU = Debug|Any CPU
		Release|Any CPU = Release|Any CPU
	EndGlobalSection
	GlobalSection(ProjectConfigurationPlatforms) = postSolution
		{F887F038-CB0E-44D2-8446-D419A5959F10}.Debug|Any CPU.ActiveCfg = Debug|Any CPU
		{F887F038-CB0E-44D2-8446-D419A5959F10}.Debug|Any CPU.Build.0 = Debug|Any CPU
		{F887F038-CB0E-44D2-8446-D419A5959F10}.Release|Any CPU.ActiveCfg = Release|Any CPU
		{F887F038-CB0E-44D2-8446-D419A5959F10}.Release|Any CPU.Build.0 = Release|Any CPU
	EndGlobalSection
	GlobalSection(SolutionProperties) = preSolution
		HideSolutionNode = FALSE
	EndGlobalSection
	GlobalSection(ExtensibilityGlobals) = postSolution
		SolutionGuid = {41D0DB5C-C1D5-46E9-9BBD-7761613C6458}
	EndGlobalSection
EndGlobal
